
Microsoft Visual Studio Solution File, Format Version 12.00
# Visual Studio Version 17
VisualStudioVersion = 17.1.32228.430
MinimumVisualStudioVersion = 10.0.40219.1
Project("{9A19103F-16F7-4668-BE54-9A1E7A4F7556}") = "NexerInsight", "NexerInsight.csproj", "{AC5A8FA1-CCE9-4B32-AA6A-10D1BA0E0214}"
EndProject
Project("{FAE04EC0-301F-11D3-BF4B-00C04F79EFBC}") = "NexerInsightTest", "..\NexerInsightTest\NexerInsightTest.csproj", "{43EFA955-D9C0-4932-B254-C94F3CF4AEBE}"
EndProject
Global
	GlobalSection(SolutionConfigurationPlatforms) = preSolution
		Debug|Any CPU = Debug|Any CPU
		Release|Any CPU = Release|Any CPU
	EndGlobalSection
	GlobalSection(ProjectConfigurationPlatforms) = postSolution
		{AC5A8FA1-CCE9-4B32-AA6A-10D1BA0E0214}.Debug|Any CPU.ActiveCfg = Debug|Any CPU
		{AC5A8FA1-CCE9-4B32-AA6A-10D1BA0E0214}.Debug|Any CPU.Build.0 = Debug|Any CPU
		{AC5A8FA1-CCE9-4B32-AA6A-10D1BA0E0214}.Release|Any CPU.ActiveCfg = Release|Any CPU
		{AC5A8FA1-CCE9-4B32-AA6A-10D1BA0E0214}.Release|Any CPU.Build.0 = Release|Any CPU
		{43EFA955-D9C0-4932-B254-C94F3CF4AEBE}.Debug|Any CPU.ActiveCfg = Debug|Any CPU
		{43EFA955-D9C0-4932-B254-C94F3CF4AEBE}.Debug|Any CPU.Build.0 = Debug|Any CPU
		{43EFA955-D9C0-4932-B254-C94F3CF4AEBE}.Release|Any CPU.ActiveCfg = Release|Any CPU
		{43EFA955-D9C0-4932-B254-C94F3CF4AEBE}.Release|Any CPU.Build.0 = Release|Any CPU
	EndGlobalSection
	GlobalSection(SolutionProperties) = preSolution
		HideSolutionNode = FALSE
	EndGlobalSection
	GlobalSection(ExtensibilityGlobals) = postSolution
		SolutionGuid = {6514C47C-B5ED-4474-AB20-6C029D1BA28B}
	EndGlobalSection
EndGlobal
